{
  "version": 2,
  "dependencies": {
    "net10.0": {
      "Microsoft.AspNetCore.Mvc.Testing": {
        "type": "Direct",
        "requested": "[10.0.12, )",
        "resolved": "10.0.12",
        "contentHash": "OtjgnL8RRLQYaiuS3KzbBbyQ6am1ZrX3dvBdiuXghxL+LQinmT2vMumytveYPbnXLknZSk/aEDKENI6uf7NoNg==",
        "dependencies": {
          "Microsoft.AspNetCore.TestHost": "10.0.12",
          "Microsoft.Extensions.DependencyModel": "10.0.12"
        }
      },
      "Microsoft.NET.Test.Sdk": {
        "type": "Direct",
        "requested": "[18.10.1, )",
        "resolved": "18.10.1",
        "contentHash": "SxCFvJE/2ltUQgCgv6+Ixagohw4sZc9hM7Wid2foaNM7paBscktoHLoRDz91fW8wbHG87Rg9Ku59/8PXumqUrA==",
        "dependencies": {
          "Microsoft.CodeCoverage": "18.10.1",
          "Microsoft.TestPlatform.TestHost": "18.10.1"
        }
      },
      "ModelContextProtocol": {
        "type": "Direct",
        "requested": "[2.2.0, )",
        "resolved": "2.2.0",
        "contentHash": "4Pb9u02Nwsp0poueDsqNdyGRojFxOYpljB7zDBsq+aHL+Afou3OgxlBc3GWFVnsRMRJrUtWqDh3s6k2JgPzmrQ==",
        "dependencies": {
          "ModelContextProtocol.Core": "[2.2.0]"
        }
      },
      "xunit.runner.visualstudio": {
        "type": "Direct",
        "requested": "[4.0.0, )",
        "resolved": "4.0.0",
        "contentHash": "kzLFyBYUnoidpGOXvpNOfIo8C92gVgVR6X8ncHwhcrDYugiOut5rrhDkr0L3cWHd7J2pKXf6LgaeXoBBDlx1ag=="
      },
      "xunit.v3.mtp-off": {
        "type": "Direct",
        "requested": "[4.0.1, )",
        "resolved": "4.0.1",
        "contentHash": "miSoh5QghDDdVN95dJEl+XrfCjdYy70IWumadlxHMhHie1ym+qG8UPIHRZOepBu2MbGs6nRB0pr4cd1fw/Gfvw==",
        "dependencies": {
          "xunit.analyzers": "2.1.0",
          "xunit.v3.assert": "[4.0.1]",
          "xunit.v3.core.mtp-off": "[4.0.1]"
        }
      },
      "Azure.Core": {
        "type": "Transitive",
        "resolved": "1.62.0",
        "contentHash": "C0ijs91ZW2uhF/VwGLXeayb+RwTWhDxKnrsmqPWg5HkYtPQ93mzaydyMCjAzE0AG5yHc1bpaPc+NPlZUgz3w8g==",
        "dependencies": {
          "Microsoft.Bcl.AsyncInterfaces": "10.0.10",
          "Microsoft.Identity.Client": "4.84.2",
          "Microsoft.Identity.Client.Extensions.Msal": "4.84.2",
          "System.ClientModel": "1.15.0",
          "System.Memory.Data": "10.0.10"
        }
      },
      "Azure.Security.KeyVault.Secrets": {
        "type": "Transitive",
        "resolved": "4.11.0",
        "contentHash": "tjpVczILiXTR9bEynSL1JBU80169hGnTECtGsFjnRz9E1xoIhfUsaUTnB79k995zDkOG61hOI+YBtf5bNqgRIQ==",
        "dependencies": {
          "Azure.Core": "1.54.0"
        }
      },
      "Microsoft.AspNetCore.TestHost": {
        "type": "Transitive",
        "resolved": "10.0.12",
        "contentHash": "bTHgbcjSrLxlqSasYRDU9BcJ3hDGoqIjtDY0soLNrndOWi3kxtOyddwUMaNZgtoI2Uf6y7ZQs2EuVj0c20B7mA=="
      },
      "Microsoft.Bcl.AsyncInterfaces": {
        "type": "Transitive",
        "resolved": "10.0.10",
        "contentHash": "TFI6OKYE1XZz4SGuTSH70c6SBdPpFktXsoa1gCxTr3mKrhmXirnvaS0tKz+J3ZWICEAmMpEGn59nO4ICtUpQXA=="
      },
      "Microsoft.CodeCoverage": {
        "type": "Transitive",
        "resolved": "18.10.1",
        "contentHash": "tV7tCyp/t+DuwQugLkCeUN7NBFFB4fEGRPr0gkMQ2nQgAvQQjmGlZZi1dsLzbyoe/A0mbnKybmkIh8qhT9p4Zw=="
      },
      "Microsoft.Extensions.AI.Abstractions": {
        "type": "Transitive",
        "resolved": "10.8.3",
        "contentHash": "K0B05oApxmviWalNHPMBBcRC7erKiDATz3ENNR/jqTR9JwIwLRefgDhj2jCRwL1aca99pXUe0qyQC73/xIuZig=="
      },
      "Microsoft.Extensions.DependencyModel": {
        "type": "Transitive",
        "resolved": "10.0.12",
        "contentHash": "rDPQVTxh/zMTDF7wHlRqL/jjZbwjAP6315ydBxj51pZW7qkAwGwjoSiMutxYI91xmOE3ZXjAGHbYRqzyJV7Urw=="
      },
      "Microsoft.Identity.Client": {
        "type": "Transitive",
        "resolved": "4.84.2",
        "contentHash": "Va9FjmABSgj/lcUfHH0pBNQkmS7SNyepz2ERV7Yynp6QgEYpFdSqR6Vzy1WWipN8GS5pBHuXoZbqaDWuARCrHQ==",
        "dependencies": {
          "Microsoft.IdentityModel.Abstractions": "8.14.0"
        }
      },
      "Microsoft.Identity.Client.Extensions.Msal": {
        "type": "Transitive",
        "resolved": "4.84.2",
        "contentHash": "+D98LaU3dOu/Nzs6kgbBJapMvH7iwYcAeC99XwSkpmEadsPv6rozecOl9P6m4A3RfpOuPt9e6J6TwwUUp3+M4w==",
        "dependencies": {
          "Microsoft.Identity.Client": "4.84.2",
          "System.Security.Cryptography.ProtectedData": "4.5.0"
        }
      },
      "Microsoft.IdentityModel.Abstractions": {
        "type": "Transitive",
        "resolved": "8.14.0",
        "contentHash": "iwbCpSjD3ehfTwBhtSNEtKPK0ICun6ov7Ibx6ISNA9bfwIyzI2Siwyi9eJFCJBwxowK9xcA1mj+jBWiigeqgcQ=="
      },
      "Microsoft.TestPlatform.ObjectModel": {
        "type": "Transitive",
        "resolved": "18.10.1",
        "contentHash": "o+PuLDRVp1iwiVAPBADZItXgm9Ck23XtPhE4kZtZVi0uYnMiiz1Dx9Cjh75kJ+ijfqnORL3VOTOaQVKi0f/ixg=="
      },
      "Microsoft.TestPlatform.TestHost": {
        "type": "Transitive",
        "resolved": "18.10.1",
        "contentHash": "KYz2omqkoz9E2mWa4fdgT+Ycie1wi5968EmyJlusjlp87RxxtA2FvDm8tcBEYIDzLnkWGnsKjE4d13Z7/rxkQA==",
        "dependencies": {
          "Microsoft.TestPlatform.ObjectModel": "18.10.1"
        }
      },
      "Microsoft.Win32.Registry": {
        "type": "Transitive",
        "resolved": "5.0.0",
        "contentHash": "dDoKi0PnDz31yAyETfRntsLArTlVAVzUzCIvvEDsDsucrl33Dl8pIJG06ePTJTI3tGpeyHS9Cq7Foc/s4EeKcg=="
      },
      "ModelContextProtocol.Core": {
        "type": "Transitive",
        "resolved": "2.2.0",
        "contentHash": "FeBfXU6T8k+jw4afg4sfxdEX2rL/e5oKOk9ROOGztu9k47+7Bz08sdaToYt2XvMY1opNbwxYQOFMj6wH9TInhA==",
        "dependencies": {
          "Microsoft.Extensions.AI.Abstractions": "10.8.3"
        }
      },
      "OpenTelemetry": {
        "type": "Transitive",
        "resolved": "1.19.1",
        "contentHash": "6ywhc3upf+dq8EsOohj7I7zS3l4yX9vfbtFkvyEC8xIUY4Z9iDIOVuke356eCAzIZaWtmwmmyl2UXYCp5n7I3Q==",
        "dependencies": {
          "OpenTelemetry.Api.ProviderBuilderExtensions": "1.19.1"
        }
      },
      "OpenTelemetry.Api": {
        "type": "Transitive",
        "resolved": "1.19.1",
        "contentHash": "9JKIH+xrV0HNTFjQC8zrx9gZpDOMEljN5Htg/U0VE2IvO3N+7bKALCCsGy5tp09marX5dd8UkrgQFoLaulIBRw=="
      },
      "OpenTelemetry.Api.ProviderBuilderExtensions": {
        "type": "Transitive",
        "resolved": "1.19.1",
        "contentHash": "HtGe72B/IhzKqdU0a3fNE5osax/Cegwxd+p4u6lOFy20nsgmeaFuP2NRyFs1WvrOv/bpkII3IvvBkKoZXG8BLg==",
        "dependencies": {
          "OpenTelemetry.Api": "1.19.1"
        }
      },
      "OpenTelemetry.PersistentStorage.Abstractions": {
        "type": "Transitive",
        "resolved": "1.1.1",
        "contentHash": "tsZtLJZZNYf7HIZZGm/DcYdQWKye0shFoekx59TkSkmXPB0u8bUXJZMYsdDIId+nyXcwTFdBlv5z0SQHOp+Xxg=="
      },
      "OpenTelemetry.PersistentStorage.FileSystem": {
        "type": "Transitive",
        "resolved": "1.1.1",
        "contentHash": "f66+dhmMQgs4uYN+IbssgGRiINyw639CPWIPHt0+92Jq/VewNm7uZ/sSxQpWVorY/rmvDxfNqL1vzLebfZcczw==",
        "dependencies": {
          "OpenTelemetry.PersistentStorage.Abstractions": "1.1.1"
        }
      },
      "System.ClientModel": {
        "type": "Transitive",
        "resolved": "1.15.0",
        "contentHash": "y6zQLInrpX+oGL1gXM04DrUSu1O1esWxt4rD/zrujTnzIFChn/noD1OiVVpTrU8ZvglwqO2Uw038svUR3SiAOg==",
        "dependencies": {
          "System.Memory.Data": "10.0.9"
        }
      },
      "System.Memory.Data": {
        "type": "Transitive",
        "resolved": "10.0.10",
        "contentHash": "roR+5AeOpflUxJQlqSfsZs/Bvi1uw4KBuTkIgF1e8l0RdalG4AUn84+sjJLclEfOV85gAjc8+Pp540qjDE5UIg=="
      },
      "System.Security.AccessControl": {
        "type": "Transitive",
        "resolved": "6.0.1",
        "contentHash": "IQ4NXP/B3Ayzvw0rDQzVTYsCKyy0Jp9KI6aYcK7UnGVlR9+Awz++TIPCQtPYfLJfOpm8ajowMR09V7quD3sEHw=="
      },
      "System.Security.Cryptography.ProtectedData": {
        "type": "Transitive",
        "resolved": "4.5.0",
        "contentHash": "wLBKzFnDCxP12VL9ANydSYhk59fC4cvOr9ypYQLPnAj48NQIhqnjdD2yhP8yEKyBJEjERWS9DisKL7rX5eU25Q=="
      },
      "xunit.analyzers": {
        "type": "Transitive",
        "resolved": "2.1.0",
        "contentHash": "X7QXEcZQGz0G/HL4HUyK+aAvNa/IMGbOCnFIq4jD/Evktq12xANKwzOUr7b08vCmC1LXu/47qHWOdjm3KfaJ0A=="
      },
      "xunit.v3.assert": {
        "type": "Transitive",
        "resolved": "4.0.1",
        "contentHash": "nC7d3cY06Oo7hkdwWPZkBR0Ud75xNhgx0P7i0GmMMZC3puCGlc4szFiT30biH03IN/eDnr8h+nv3A1UD17bk/A=="
      },
      "xunit.v3.common": {
        "type": "Transitive",
        "resolved": "4.0.1",
        "contentHash": "Qf25TVdadDQYf9zVxSd7L9RNQhuP0jCUHmo96XTmIKLxGefylIEV63jRbXBPFzdXmV09TCdcurk+AQ9LiWS2Hg==",
        "dependencies": {
          "Microsoft.Bcl.AsyncInterfaces": "6.0.0"
        }
      },
      "xunit.v3.core.mtp-off": {
        "type": "Transitive",
        "resolved": "4.0.1",
        "contentHash": "pPKhAFeXpN95l8sBBRQ4YrqhFDoTDj/QVgc//oSPlBXjrW7YLUBN/eDqvWSWVle1ITvNbYHGLmy3LZSPC6gGJQ==",
        "dependencies": {
          "xunit.v3.extensibility.core": "[4.0.1]",
          "xunit.v3.runner.inproc.console": "[4.0.1]"
        }
      },
      "xunit.v3.extensibility.core": {
        "type": "Transitive",
        "resolved": "4.0.1",
        "contentHash": "J0d5OfFcp920nZxCRIvU14+TZhiSPQR0wvqEMZ3MRiJLPu1VmYlcRNkmcSW0i1DwkB81gAHc+fHUQf/cU64MYg==",
        "dependencies": {
          "xunit.v3.common": "[4.0.1]"
        }
      },
      "xunit.v3.runner.common": {
        "type": "Transitive",
        "resolved": "4.0.1",
        "contentHash": "p9AyfBpj2e5Iws8B57SbLiSngg7mEdvegHInKR4T2cjt2mis9h8htVgCnmu//agZO4zri6p6VQOj5EkHHTy3gA==",
        "dependencies": {
          "Microsoft.Win32.Registry": "[5.0.0]",
          "System.Security.AccessControl": "[6.0.1]",
          "xunit.v3.common": "[4.0.1]"
        }
      },
      "xunit.v3.runner.inproc.console": {
        "type": "Transitive",
        "resolved": "4.0.1",
        "contentHash": "Hqwfd6ehMIhPmVWUQ2dgmknzuLFTWeyp8ES1q3D4YR5bQVyiXDcaIoaFwqAz2zgLr49WaW4Mz7VVncP7u/Q8/Q==",
        "dependencies": {
          "xunit.v3.extensibility.core": "[4.0.1]",
          "xunit.v3.runner.common": "[4.0.1]"
        }
      },
      "swankers.league": {
        "type": "Project"
      },
      "swankers.mcp": {
        "type": "Project",
        "dependencies": {
          "Azure.Extensions.AspNetCore.Configuration.Secrets": "[1.5.2, )",
          "Azure.Identity": "[1.21.0, )",
          "Azure.Monitor.OpenTelemetry.Exporter": "[1.9.0, )",
          "ModelContextProtocol.AspNetCore": "[2.2.0, )",
          "OpenTelemetry.Exporter.OpenTelemetryProtocol": "[1.19.1, )",
          "OpenTelemetry.Extensions.Hosting": "[1.19.1, )",
          "OpenTelemetry.Instrumentation.AspNetCore": "[1.19.0, )",
          "OpenTelemetry.Instrumentation.Http": "[1.19.0, )",
          "Swankers.League": "[1.0.0, )"
        }
      },
      "Azure.Extensions.AspNetCore.Configuration.Secrets": {
        "type": "CentralTransitive",
        "requested": "[1.5.2, )",
        "resolved": "1.5.2",
        "contentHash": "VWmWO1Wij7sGNpDk42DkzriVTZwFG6STI0+bbWoZMOSoaodi3bsOvgznrGooaxpkjtYNLDweM517jqnAiE1cHA==",
        "dependencies": {
          "Azure.Core": "1.61.0",
          "Azure.Security.KeyVault.Secrets": "4.11.0"
        }
      },
      "Azure.Identity": {
        "type": "CentralTransitive",
        "requested": "[1.21.0, )",
        "resolved": "1.21.0",
        "contentHash": "GeFv8sGwRKvDKwI2WFy8r0mhmlxEVZg24Sit2NogTjiSO8RVjllWM65OT6e1sKjOvG8V74y7hAbaELUUPjZQSw==",
        "dependencies": {
          "Azure.Core": "1.53.0"
        }
      },
      "Azure.Monitor.OpenTelemetry.Exporter": {
        "type": "CentralTransitive",
        "requested": "[1.9.0, )",
        "resolved": "1.9.0",
        "contentHash": "gXe64QuF30HQkuo1B+FqsekN9coca1vcFKDWCgioo39Hb5Yc0lMS6g8OAa7rGBIssQBoaQQAxIM6Dn4pJbXz+g==",
        "dependencies": {
          "Azure.Core": "1.62.0",
          "OpenTelemetry.Extensions.Hosting": "1.18.0",
          "OpenTelemetry.PersistentStorage.FileSystem": "1.1.1"
        }
      },
      "ModelContextProtocol.AspNetCore": {
        "type": "CentralTransitive",
        "requested": "[2.2.0, )",
        "resolved": "2.2.0",
        "contentHash": "3JelDMuFIwFzXybsh6K30G6wXu5gmqKnuRnieqgBMuR0FkqqXRv4B+NYZuPgthSyNq5UwRyvv2U2VJBE3RD3PQ==",
        "dependencies": {
          "ModelContextProtocol": "[2.2.0]"
        }
      },
      "OpenTelemetry.Exporter.OpenTelemetryProtocol": {
        "type": "CentralTransitive",
        "requested": "[1.19.1, )",
        "resolved": "1.19.1",
        "contentHash": "vsYYOBf/KxNubnuoja8pjJ9LG0zCC9HAYPay+R6N5ZKZMbhNdKWbaq6JZqJqTvK+55rudiqErJySekf9ql8okA==",
        "dependencies": {
          "OpenTelemetry": "1.19.1"
        }
      },
      "OpenTelemetry.Extensions.Hosting": {
        "type": "CentralTransitive",
        "requested": "[1.19.1, )",
        "resolved": "1.19.1",
        "contentHash": "3qqZfVmW8mKA2/fRwI83o8z+yZd33KbEqRlXrlX0+3e/U7i+z0MQiCr0L3Axxa0jGdiylIrpWX4DIT9nAbJ00A==",
        "dependencies": {
          "OpenTelemetry": "1.19.1"
        }
      },
      "OpenTelemetry.Instrumentation.AspNetCore": {
        "type": "CentralTransitive",
        "requested": "[1.19.0, )",
        "resolved": "1.19.0",
        "contentHash": "reypo7g0Nzyssg1EkbfWU6W58CVFgtgkSEGrFXtbpA+bNit7HUs7587DOkOdPCgqWr3IL4f6X9B2yhnU6POrFA==",
        "dependencies": {
          "OpenTelemetry.Api.ProviderBuilderExtensions": "[1.19.0, 2.0.0)"
        }
      },
      "OpenTelemetry.Instrumentation.Http": {
        "type": "CentralTransitive",
        "requested": "[1.19.0, )",
        "resolved": "1.19.0",
        "contentHash": "+egJpWBRfYP3ldfexV2bmJyzOWkkOPVYikw/vUEtbUvf2exJfY3RGInXrYlubhBIH6rmNEn6sI/FmqenZJwkjw==",
        "dependencies": {
          "OpenTelemetry.Api.ProviderBuilderExtensions": "[1.19.0, 2.0.0)"
        }
      }
    }
  }
}